// !$*UTF8*$!
{
	archiveVersion = 1;
	classes = {
	};
	objectVersion = 46;
	objects = {

/* Begin PBXBuildFile section */
		C59AE68F1E328437000B2CCC /* AppDelegate.swift in Sources */ = {isa = PBXBuildFile; fileRef = C59AE68E1E328437000B2CCC /* AppDelegate.swift */; };
		C59AE6911E328437000B2CCC /* ViewController.swift in Sources */ = {isa = PBXBuildFile; fileRef = C59AE6901E328437000B2CCC /* ViewController.swift */; };
		C59AE6941E328438000B2CCC /* Main.storyboard in Resources */ = {isa = PBXBuildFile; fileRef = C59AE6921E328438000B2CCC /* Main.storyboard */; };
		C59AE6961E328438000B2CCC /* Assets.xcassets in Resources */ = {isa = PBXBuildFile; fileRef = C59AE6951E328438000B2CCC /* Assets.xcassets */; };
		C59AE6991E328438000B2CCC /* LaunchScreen.storyboard in Resources */ = {isa = PBXBuildFile; fileRef = C59AE6971E328438000B2CCC /* LaunchScreen.storyboard */; };
		C59AE6A41E328439000B2CCC /* QuizTests.swift in Sources */ = {isa = PBXBuildFile; fileRef = C59AE6A31E328439000B2CCC /* QuizTests.swift */; };
		C59AE6AF1E32843A000B2CCC /* QuizUITests.swift in Sources */ = {isa = PBXBuildFile; fileRef = C59AE6AE1E32843A000B2CCC /* QuizUITests.swift */; };
/* End PBXBuildFile section */

/* Begin PBXContainerItemProxy section */
		C59AE6A01E328439000B2CCC /* PBXContainerItemProxy */ = {
			isa = PBXContainerItemProxy;
			containerPortal = C59AE6831E328436000B2CCC /* Project object */;
			proxyType = 1;
			remoteGlobalIDString = C59AE68A1E328436000B2CCC;
			remoteInfo = Quiz;
		};
		C59AE6AB1E32843A000B2CCC /* PBXContainerItemProxy */ = {
			isa = PBXContainerItemProxy;
			containerPortal = C59AE6831E328436000B2CCC /* Project object */;
			proxyType = 1;
			remoteGlobalIDString = C59AE68A1E328436000B2CCC;
			remoteInfo = Quiz;
		};
/* End PBXContainerItemProxy section */

/* Begin PBXFileReference section */
		C59AE68B1E328437000B2CCC /* Quiz.app */ = {isa = PBXFileReference; explicitFileType = wrapper.application; includeInIndex = 0; path = Quiz.app; sourceTree = BUILT_PRODUCTS_DIR; };
		C59AE68E1E328437000B2CCC /* AppDelegate.swift */ = {isa = PBXFileReference; lastKnownFileType = sourcecode.swift; path = AppDelegate.swift; sourceTree = "<group>"; };
		C59AE6901E328437000B2CCC /* ViewController.swift */ = {isa = PBXFileReference; lastKnownFileType = sourcecode.swift; path = ViewController.swift; sourceTree = "<group>"; };
		C59AE6931E328438000B2CCC /* Base */ = {isa = PBXFileReference; lastKnownFileType = file.storyboard; name = Base; path = Base.lproj/Main.storyboard; sourceTree = "<group>"; };
		C59AE6951E328438000B2CCC /* Assets.xcassets */ = {isa = PBXFileReference; lastKnownFileType = folder.assetcatalog; path = Assets.xcassets; sourceTree = "<group>"; };
		C59AE6981E328438000B2CCC /* Base */ = {isa = PBXFileReference; lastKnownFileType = file.storyboard; name = Base; path = Base.lproj/LaunchScreen.storyboard; sourceTree = "<group>"; };
		C59AE69A1E328439000B2CCC /* Info.plist */ = {isa = PBXFileReference; lastKnownFileType = text.plist.xml; path = Info.plist; sourceTree = "<group>"; };
		C59AE69F1E328439000B2CCC /* QuizTests.xctest */ = {isa = PBXFileReference; explicitFileType = wrapper.cfbundle; includeInIndex = 0; path = QuizTests.xctest; sourceTree = BUILT_PRODUCTS_DIR; };
		C59AE6A31E328439000B2CCC /* QuizTests.swift */ = {isa = PBXFileReference; lastKnownFileType = sourcecode.swift; path = QuizTests.swift; sourceTree = "<group>"; };
		C59AE6A51E32843A000B2CCC /* Info.plist */ = {isa = PBXFileReference; lastKnownFileType = text.plist.xml; path = Info.plist; sourceTree = "<group>"; };
		C59AE6AA1E32843A000B2CCC /* QuizUITests.xctest */ = {isa = PBXFileReference; explicitFileType = wrapper.cfbundle; includeInIndex = 0; path = QuizUITests.xctest; sourceTree = BUILT_PRODUCTS_DIR; };
		C59AE6AE1E32843A000B2CCC /* QuizUITests.swift */ = {isa = PBXFileReference; lastKnownFileType = sourcecode.swift; path = QuizUITests.swift; sourceTree = "<group>"; };
		C59AE6B01E32843B000B2CCC /* Info.plist */ = {isa = PBXFileReference; lastKnownFileType = text.plist.xml; path = Info.plist; sourceTree = "<group>"; };
/* End PBXFileReference section */

/* Begin PBXFrameworksBuildPhase section */
		C59AE6881E328436000B2CCC /* Frameworks */ = {
			isa = PBXFrameworksBuildPhase;
			buildActionMask = 2147483647;
			files = (
			);
			runOnlyForDeploymentPostprocessing = 0;
		};
		C59AE69C1E328439000B2CCC /* Frameworks */ = {
			isa = PBXFrameworksBuildPhase;
			buildActionMask = 2147483647;
			files = (
			);
			runOnlyForDeploymentPostprocessing = 0;
		};
		C59AE6A71E32843A000B2CCC /* Frameworks */ = {
			isa = PBXFrameworksBuildPhase;
			buildActionMask = 2147483647;
			files = (
			);
			runOnlyForDeploymentPostprocessing = 0;
		};
/* End PBXFrameworksBuildPhase section */

/* Begin PBXGroup section */
		C59AE6821E328436000B2CCC = {
			isa = PBXGroup;
			children = (
				C59AE68D1E328437000B2CCC /* Quiz */,
				C59AE6A21E328439000B2CCC /* QuizTests */,
				C59AE6AD1E32843A000B2CCC /* QuizUITests */,
				C59AE68C1E328437000B2CCC /* Products */,
			);
			sourceTree = "<group>";
		};
		C59AE68C1E328437000B2CCC /* Products */ = {
			isa = PBXGroup;
			children = (
				C59AE68B1E328437000B2CCC /* Quiz.app */,
				C59AE69F1E328439000B2CCC /* QuizTests.xctest */,
				C59AE6AA1E32843A000B2CCC /* QuizUITests.xctest */,
			);
			name = Products;
			sourceTree = "<group>";
		};
		C59AE68D1E328437000B2CCC /* Quiz */ = {
			isa = PBXGroup;
			children = (
				C59AE68E1E328437000B2CCC /* AppDelegate.swift */,
				C59AE6901E328437000B2CCC /* ViewController.swift */,
				C59AE6921E328438000B2CCC /* Main.storyboard */,
				C59AE6951E328438000B2CCC /* Assets.xcassets */,
				C59AE6971E328438000B2CCC /* LaunchScreen.storyboard */,
				C59AE69A1E328439000B2CCC /* Info.plist */,
			);
			path = Quiz;
			sourceTree = "<group>";
		};
		C59AE6A21E328439000B2CCC /* QuizTests */ = {
			isa = PBXGroup;
			children = (
				C59AE6A31E328439000B2CCC /* QuizTests.swift */,
				C59AE6A51E32843A000B2CCC /* Info.plist */,
			);
			path = QuizTests;
			sourceTree = "<group>";
		};
		C59AE6AD1E32843A000B2CCC /* QuizUITests */ = {
			isa = PBXGroup;
			children = (
				C59AE6AE1E32843A000B2CCC /* QuizUITests.swift */,
				C59AE6B01E32843B000B2CCC /* Info.plist */,
			);
			path = QuizUITests;
			sourceTree = "<group>";
		};
/* End PBXGroup section */

/* Begin PBXNativeTarget section */
		C59AE68A1E328436000B2CCC /* Quiz */ = {
			isa = PBXNativeTarget;
			buildConfigurationList = C59AE6B31E32843B000B2CCC /* Build configuration list for PBXNativeTarget "Quiz" */;
			buildPhases = (
				C59AE6871E328436000B2CCC /* Sources */,
				C59AE6881E328436000B2CCC /* Frameworks */,
				C59AE6891E328436000B2CCC /* Resources */,
			);
			buildRules = (
			);
			dependencies = (
			);
			name = Quiz;
			productName = Quiz;
			productReference = C59AE68B1E328437000B2CCC /* Quiz.app */;
			productType = "com.apple.product-type.application";
		};
		C59AE69E1E328439000B2CCC /* QuizTests */ = {
			isa = PBXNativeTarget;
			buildConfigurationList = C59AE6B61E32843B000B2CCC /* Build configuration list for PBXNativeTarget "QuizTests" */;
			buildPhases = (
				C59AE69B1E328439000B2CCC /* Sources */,
				C59AE69C1E328439000B2CCC /* Frameworks */,
				C59AE69D1E328439000B2CCC /* Resources */,
			);
			buildRules = (
			);
			dependencies = (
				C59AE6A11E328439000B2CCC /* PBXTargetDependency */,
			);
			name = QuizTests;
			productName = QuizTests;
			productReference = C59AE69F1E328439000B2CCC /* QuizTests.xctest */;
			productType = "com.apple.product-type.bundle.unit-test";
		};
		C59AE6A91E32843A000B2CCC /* QuizUITests */ = {
			isa = PBXNativeTarget;
			buildConfigurationList = C59AE6B91E32843B000B2CCC /* Build configuration list for PBXNativeTarget "QuizUITests" */;
			buildPhases = (
				C59AE6A61E32843A000B2CCC /* Sources */,
				C59AE6A71E32843A000B2CCC /* Frameworks */,
				C59AE6A81E32843A000B2CCC /* Resources */,
			);
			buildRules = (
			);
			dependencies = (
				C59AE6AC1E32843A000B2CCC /* PBXTargetDependency */,
			);
			name = QuizUITests;
			productName = QuizUITests;
			productReference = C59AE6AA1E32843A000B2CCC /* QuizUITests.xctest */;
			productType = "com.apple.product-type.bundle.ui-testing";
		};
/* End PBXNativeTarget section */

/* Begin PBXProject section */
		C59AE6831E328436000B2CCC /* Project object */ = {
			isa = PBXProject;
			attributes = {
				LastSwiftUpdateCheck = 0820;
				LastUpgradeCheck = 0820;
				ORGANIZATIONNAME = "Jackson Inchalik";
				TargetAttributes = {
					C59AE68A1E328436000B2CCC = {
						CreatedOnToolsVersion = 8.2.1;
						ProvisioningStyle = Automatic;
					};
					C59AE69E1E328439000B2CCC = {
						CreatedOnToolsVersion = 8.2.1;
						ProvisioningStyle = Automatic;
						TestTargetID = C59AE68A1E328436000B2CCC;
					};
					C59AE6A91E32843A000B2CCC = {
						CreatedOnToolsVersion = 8.2.1;
						ProvisioningStyle = Automatic;
						TestTargetID = C59AE68A1E328436000B2CCC;
					};
				};
			};
			buildConfigurationList = C59AE6861E328436000B2CCC /* Build configuration list for PBXProject "Quiz" */;
			compatibilityVersion = "Xcode 3.2";
			developmentRegion = English;
			hasScannedForEncodings = 0;
			knownRegions = (
				en,
				Base,
			);
			mainGroup = C59AE6821E328436000B2CCC;
			productRefGroup = C59AE68C1E328437000B2CCC /* Products */;
			projectDirPath = "";
			projectRoot = "";
			targets = (
				C59AE68A1E328436000B2CCC /* Quiz */,
				C59AE69E1E328439000B2CCC /* QuizTests */,
				C59AE6A91E32843A000B2CCC /* QuizUITests */,
			);
		};
/* End PBXProject section */

/* Begin PBXResourcesBuildPhase section */
		C59AE6891E328436000B2CCC /* Resources */ = {
			isa = PBXResourcesBuildPhase;
			buildActionMask = 2147483647;
			files = (
				C59AE6991E328438000B2CCC /* LaunchScreen.storyboard in Resources */,
				C59AE6961E328438000B2CCC /* Assets.xcassets in Resources */,
				C59AE6941E328438000B2CCC /* Main.storyboard in Resources */,
			);
			runOnlyForDeploymentPostprocessing = 0;
		};
		C59AE69D1E328439000B2CCC /* Resources */ = {
			isa = PBXResourcesBuildPhase;
			buildActionMask = 2147483647;
			files = (
			);
			runOnlyForDeploymentPostprocessing = 0;
		};
		C59AE6A81E32843A000B2CCC /* Resources */ = {
			isa = PBXResourcesBuildPhase;
			buildActionMask = 2147483647;
			files = (
			);
			runOnlyForDeploymentPostprocessing = 0;
		};
/* End PBXResourcesBuildPhase section */

/* Begin PBXSourcesBuildPhase section */
		C59AE6871E328436000B2CCC /* Sources */ = {
			isa = PBXSourcesBuildPhase;
			buildActionMask = 2147483647;
			files = (
				C59AE6911E328437000B2CCC /* ViewController.swift in Sources */,
				C59AE68F1E328437000B2CCC /* AppDelegate.swift in Sources */,
			);
			runOnlyForDeploymentPostprocessing = 0;
		};
		C59AE69B1E328439000B2CCC /* Sources */ = {
			isa = PBXSourcesBuildPhase;
			buildActionMask = 2147483647;
			files = (
				C59AE6A41E328439000B2CCC /* QuizTests.swift in Sources */,
			);
			runOnlyForDeploymentPostprocessing = 0;
		};
		C59AE6A61E32843A000B2CCC /* Sources */ = {
			isa = PBXSourcesBuildPhase;
			buildActionMask = 2147483647;
			files = (
				C59AE6AF1E32843A000B2CCC /* QuizUITests.swift in Sources */,
			);
			runOnlyForDeploymentPostprocessing = 0;
		};
/* End PBXSourcesBuildPhase section */

/* Begin PBXTargetDependency section */
		C59AE6A11E328439000B2CCC /* PBXTargetDependency */ = {
			isa = PBXTargetDependency;
			target = C59AE68A1E328436000B2CCC /* Quiz */;
			targetProxy = C59AE6A01E328439000B2CCC /* PBXContainerItemProxy */;
		};
		C59AE6AC1E32843A000B2CCC /* PBXTargetDependency */ = {
			isa = PBXTargetDependency;
			target = C59AE68A1E328436000B2CCC /* Quiz */;
			targetProxy = C59AE6AB1E32843A000B2CCC /* PBXContainerItemProxy */;
		};
/* End PBXTargetDependency section */

/* Begin PBXVariantGroup section */
		C59AE6921E328438000B2CCC /* Main.storyboard */ = {
			isa = PBXVariantGroup;
			children = (
				C59AE6931E328438000B2CCC /* Base */,
			);
			name = Main.storyboard;
			sourceTree = "<group>";
		};
		C59AE6971E328438000B2CCC /* LaunchScreen.storyboard */ = {
			isa = PBXVariantGroup;
			children = (
				C59AE6981E328438000B2CCC /* Base */,
			);
			name = LaunchScreen.storyboard;
			sourceTree = "<group>";
		};
/* End PBXVariantGroup section */

/* Begin XCBuildConfiguration section */
		C59AE6B11E32843B000B2CCC /* Debug */ = {
			isa = XCBuildConfiguration;
			buildSettings = {
				ALWAYS_SEARCH_USER_PATHS = NO;
				CLANG_ANALYZER_NONNULL = YES;
				CLANG_CXX_LANGUAGE_STANDARD = "gnu++0x";
				CLANG_CXX_LIBRARY = "libc++";
				CLANG_ENABLE_MODULES = YES;
				CLANG_ENABLE_OBJC_ARC = YES;
				CLANG_WARN_BOOL_CONVERSION = YES;
				CLANG_WARN_CONSTANT_CONVERSION = YES;
				CLANG_WARN_DIRECT_OBJC_ISA_USAGE = YES_ERROR;
				CLANG_WARN_DOCUMENTATION_COMMENTS = YES;
				CLANG_WARN_EMPTY_BODY = YES;
				CLANG_WARN_ENUM_CONVERSION = YES;
				CLANG_WARN_INFINITE_RECURSION = YES;
				CLANG_WARN_INT_CONVERSION = YES;
				CLANG_WARN_OBJC_ROOT_CLASS = YES_ERROR;
				CLANG_WARN_SUSPICIOUS_MOVE = YES;
				CLANG_WARN_UNREACHABLE_CODE = YES;
				CLANG_WARN__DUPLICATE_METHOD_MATCH = YES;
				"CODE_SIGN_IDENTITY[sdk=iphoneos*]" = "iPhone Developer";
				COPY_PHASE_STRIP = NO;
				DEBUG_INFORMATION_FORMAT = dwarf;
				ENABLE_STRICT_OBJC_MSGSEND = YES;
				ENABLE_TESTABILITY = YES;
				GCC_C_LANGUAGE_STANDARD = gnu99;
				GCC_DYNAMIC_NO_PIC = NO;
				GCC_NO_COMMON_BLOCKS = YES;
				GCC_OPTIMIZATION_LEVEL = 0;
				GCC_PREPROCESSOR_DEFINITIONS = (
					"DEBUG=1",
					"$(inherited)",
				);
				GCC_WARN_64_TO_32_BIT_CONVERSION = YES;
				GCC_WARN_ABOUT_RETURN_TYPE = YES_ERROR;
				GCC_WARN_UNDECLARED_SELECTOR = YES;
				GCC_WARN_UNINITIALIZED_AUTOS = YES_AGGRESSIVE;
				GCC_WARN_UNUSED_FUNCTION = YES;
				GCC_WARN_UNUSED_VARIABLE = YES;
				IPHONEOS_DEPLOYMENT_TARGET = 10.2;
				MTL_ENABLE_DEBUG_INFO = YES;
				ONLY_ACTIVE_ARCH = YES;
				SDKROOT = iphoneos;
				SWIFT_ACTIVE_COMPILATION_CONDITIONS = DEBUG;
				SWIFT_OPTIMIZATION_LEVEL = "-Onone";
				TARGETED_DEVICE_FAMILY = "1,2";
			};
			name = Debug;
		};
		C59AE6B21E32843B000B2CCC /* Release */ = {
			isa = XCBuildConfiguration;
			buildSettings = {
				ALWAYS_SEARCH_USER_PATHS = NO;
				CLANG_ANALYZER_NONNULL = YES;
				CLANG_CXX_LANGUAGE_STANDARD = "gnu++0x";
				CLANG_CXX_LIBRARY = "libc++";
				CLANG_ENABLE_MODULES = YES;
				CLANG_ENABLE_OBJC_ARC = YES;
				CLANG_WARN_BOOL_CONVERSION = YES;
				CLANG_WARN_CONSTANT_CONVERSION = YES;
				CLANG_WARN_DIRECT_OBJC_ISA_USAGE = YES_ERROR;
				CLANG_WARN_DOCUMENTATION_COMMENTS = YES;
				CLANG_WARN_EMPTY_BODY = YES;
				CLANG_WARN_ENUM_CONVERSION = YES;
				CLANG_WARN_INFINITE_RECURSION = YES;
				CLANG_WARN_INT_CONVERSION = YES;
				CLANG_WARN_OBJC_ROOT_CLASS = YES_ERROR;
				CLANG_WARN_SUSPICIOUS_MOVE = YES;
				CLANG_WARN_UNREACHABLE_CODE = YES;
				CLANG_WARN__DUPLICATE_METHOD_MATCH = YES;
				"CODE_SIGN_IDENTITY[sdk=iphoneos*]" = "iPhone Developer";
				COPY_PHASE_STRIP = NO;
				DEBUG_INFORMATION_FORMAT = "dwarf-with-dsym";
				ENABLE_NS_ASSERTIONS = NO;
				ENABLE_STRICT_OBJC_MSGSEND = YES;
				GCC_C_LANGUAGE_STANDARD = gnu99;
				GCC_NO_COMMON_BLOCKS = YES;
				GCC_WARN_64_TO_32_BIT_CONVERSION = YES;
				GCC_WARN_ABOUT_RETURN_TYPE = YES_ERROR;
				GCC_WARN_UNDECLARED_SELECTOR = YES;
				GCC_WARN_UNINITIALIZED_AUTOS = YES_AGGRESSIVE;
				GCC_WARN_UNUSED_FUNCTION = YES;
				GCC_WARN_UNUSED_VARIABLE = YES;
				IPHONEOS_DEPLOYMENT_TARGET = 10.2;
				MTL_ENABLE_DEBUG_INFO = NO;
				SDKROOT = iphoneos;
				SWIFT_OPTIMIZATION_LEVEL = "-Owholemodule";
				TARGETED_DEVICE_FAMILY = "1,2";
				VALIDATE_PRODUCT = YES;
			};
			name = Release;
		};
		C59AE6B41E32843B000B2CCC /* Debug */ = {
			isa = XCBuildConfiguration;
			buildSettings = {
				ASSETCATALOG_COMPILER_APPICON_NAME = AppIcon;
				INFOPLIST_FILE = Quiz/Info.plist;
				LD_RUNPATH_SEARCH_PATHS = "$(inherited) @executable_path/Frameworks";
				PRODUCT_BUNDLE_IDENTIFIER = CSC2310.Quiz;
				PRODUCT_NAME = "$(TARGET_NAME)";
				SWIFT_VERSION = 3.0;
			};
			name = Debug;
		};
		C59AE6B51E32843B000B2CCC /* Release */ = {
			isa = XCBuildConfiguration;
			buildSettings = {
				ASSETCATALOG_COMPILER_APPICON_NAME = AppIcon;
				INFOPLIST_FILE = Quiz/Info.plist;
				LD_RUNPATH_SEARCH_PATHS = "$(inherited) @executable_path/Frameworks";
				PRODUCT_BUNDLE_IDENTIFIER = CSC2310.Quiz;
				PRODUCT_NAME = "$(TARGET_NAME)";
				SWIFT_VERSION = 3.0;
			};
			name = Release;
		};
		C59AE6B71E32843B000B2CCC /* Debug */ = {
			isa = XCBuildConfiguration;
			buildSettings = {
				ALWAYS_EMBED_SWIFT_STANDARD_LIBRARIES = YES;
				BUNDLE_LOADER = "$(TEST_HOST)";
				INFOPLIST_FILE = QuizTests/Info.plist;
				LD_RUNPATH_SEARCH_PATHS = "$(inherited) @executable_path/Frameworks @loader_path/Frameworks";
				PRODUCT_BUNDLE_IDENTIFIER = CSC2310.QuizTests;
				PRODUCT_NAME = "$(TARGET_NAME)";
				SWIFT_VERSION = 3.0;
				TEST_HOST = "$(BUILT_PRODUCTS_DIR)/Quiz.app/Quiz";
			};
			name = Debug;
		};
		C59AE6B81E32843B000B2CCC /* Release */ = {
			isa = XCBuildConfiguration;
			buildSettings = {
				ALWAYS_EMBED_SWIFT_STANDARD_LIBRARIES = YES;
				BUNDLE_LOADER = "$(TEST_HOST)";
				INFOPLIST_FILE = QuizTests/Info.plist;
				LD_RUNPATH_SEARCH_PATHS = "$(inherited) @executable_path/Frameworks @loader_path/Frameworks";
				PRODUCT_BUNDLE_IDENTIFIER = CSC2310.QuizTests;
				PRODUCT_NAME = "$(TARGET_NAME)";
				SWIFT_VERSION = 3.0;
				TEST_HOST = "$(BUILT_PRODUCTS_DIR)/Quiz.app/Quiz";
			};
			name = Release;
		};
		C59AE6BA1E32843B000B2CCC /* Debug */ = {
			isa = XCBuildConfiguration;
			buildSettings = {
				ALWAYS_EMBED_SWIFT_STANDARD_LIBRARIES = YES;
				INFOPLIST_FILE = QuizUITests/Info.plist;
				LD_RUNPATH_SEARCH_PATHS = "$(inherited) @executable_path/Frameworks @loader_path/Frameworks";
				PRODUCT_BUNDLE_IDENTIFIER = CSC2310.QuizUITests;
				PRODUCT_NAME = "$(TARGET_NAME)";
				SWIFT_VERSION = 3.0;
				TEST_TARGET_NAME = Quiz;
			};
			name = Debug;
		};
		C59AE6BB1E32843B000B2CCC /* Release */ = {
			isa = XCBuildConfiguration;
			buildSettings = {
				ALWAYS_EMBED_SWIFT_STANDARD_LIBRARIES = YES;
				INFOPLIST_FILE = QuizUITests/Info.plist;
				LD_RUNPATH_SEARCH_PATHS = "$(inherited) @executable_path/Frameworks @loader_path/Frameworks";
				PRODUCT_BUNDLE_IDENTIFIER = CSC2310.QuizUITests;
				PRODUCT_NAME = "$(TARGET_NAME)";
				SWIFT_VERSION = 3.0;
				TEST_TARGET_NAME = Quiz;
			};
			name = Release;
		};
/* End XCBuildConfiguration section */

/* Begin XCConfigurationList section */
		C59AE6861E328436000B2CCC /* Build configuration list for PBXProject "Quiz" */ = {
			isa = XCConfigurationList;
			buildConfigurations = (
				C59AE6B11E32843B000B2CCC /* Debug */,
				C59AE6B21E32843B000B2CCC /* Release */,
			);
			defaultConfigurationIsVisible = 0;
			defaultConfigurationName = Release;
		};
		C59AE6B31E32843B000B2CCC /* Build configuration list for PBXNativeTarget "Quiz" */ = {
			isa = XCConfigurationList;
			buildConfigurations = (
				C59AE6B41E32843B000B2CCC /* Debug */,
				C59AE6B51E32843B000B2CCC /* Release */,
			);
			defaultConfigurationIsVisible = 0;
		};
		C59AE6B61E32843B000B2CCC /* Build configuration list for PBXNativeTarget "QuizTests" */ = {
			isa = XCConfigurationList;
			buildConfigurations = (
				C59AE6B71E32843B000B2CCC /* Debug */,
				C59AE6B81E32843B000B2CCC /* Release */,
			);
			defaultConfigurationIsVisible = 0;
		};
		C59AE6B91E32843B000B2CCC /* Build configuration list for PBXNativeTarget "QuizUITests" */ = {
			isa = XCConfigurationList;
			buildConfigurations = (
				C59AE6BA1E32843B000B2CCC /* Debug */,
				C59AE6BB1E32843B000B2CCC /* Release */,
			);
			defaultConfigurationIsVisible = 0;
		};
/* End XCConfigurationList section */
	};
	rootObject = C59AE6831E328436000B2CCC /* Project object */;
}
